
Microsoft Visual Studio Solution File, Format Version 12.00
# Visual Studio Version 17
VisualStudioVersion = 17.14.36705.20 d17.14
MinimumVisualStudioVersion = 10.0.40219.1
Project("{FAE04EC0-301F-11D3-BF4B-00C04F79EFBC}") = "POS.UI", "POS.UI.csproj", "{5ABF00C1-3B06-481F-8A6B-3B88B3CA20D9}"
EndProject
Global
	GlobalSection(SolutionConfigurationPlatforms) = preSolution
		Debug|Any CPU = Debug|Any CPU
		Release|Any CPU = Release|Any CPU
	EndGlobalSection
	GlobalSection(ProjectConfigurationPlatforms) = postSolution
		{5ABF00C1-3B06-481F-8A6B-3B88B3CA20D9}.Debug|Any CPU.ActiveCfg = Debug|Any CPU
		{5ABF00C1-3B06-481F-8A6B-3B88B3CA20D9}.Debug|Any CPU.Build.0 = Debug|Any CPU
		{5ABF00C1-3B06-481F-8A6B-3B88B3CA20D9}.Release|Any CPU.ActiveCfg = Release|Any CPU
		{5ABF00C1-3B06-481F-8A6B-3B88B3CA20D9}.Release|Any CPU.Build.0 = Release|Any CPU
	EndGlobalSection
	GlobalSection(SolutionProperties) = preSolution
		HideSolutionNode = FALSE
	EndGlobalSection
	GlobalSection(ExtensibilityGlobals) = postSolution
		SolutionGuid = {CDAF7394-2920-4B44-AAED-1A1591106DC2}
	EndGlobalSection
EndGlobal
