
Microsoft Visual Studio Solution File, Format Version 12.00
# Visual Studio Version 17
VisualStudioVersion = 17.0.31903.59
MinimumVisualStudioVersion = 10.0.40219.1
Project("{FAE04EC0-301F-11D3-BF4B-00C04F79EFBC}") = "POS.AuthService", "POS.AuthService\POS.AuthService.csproj", "{3B0C5073-D62B-469B-A582-8761CADB4430}"
EndProject
Project("{2150E333-8FDC-42A3-9474-1A3956D46DE8}") = "POS.Core", "POS.Core", "{77E39FD3-E26B-4309-6550-6278EE23FD0C}"
EndProject
Project("{FAE04EC0-301F-11D3-BF4B-00C04F79EFBC}") = "POS.API", "POS.Core\POS.API\POS.API.csproj", "{A5111EB6-86DE-4AF6-A3CA-0B9ECD9C6BA3}"
EndProject
Project("{FAE04EC0-301F-11D3-BF4B-00C04F79EFBC}") = "POS.Application", "POS.Core\POS.Application\POS.Application.csproj", "{4A8C451E-12D3-488E-81F1-9B3C1C4667F2}"
EndProject
Project("{FAE04EC0-301F-11D3-BF4B-00C04F79EFBC}") = "POS.Domain", "POS.Core\POS.Domain\POS.Domain.csproj", "{3D0E866D-AE57-417D-8C69-05F30B91905F}"
EndProject
Project("{FAE04EC0-301F-11D3-BF4B-00C04F79EFBC}") = "POS.Infrastructure", "POS.Core\POS.Infrastructure\POS.Infrastructure.csproj", "{03F9D5BA-9445-48CF-9AD7-C88B81FEFAF8}"
EndProject
Project("{FAE04EC0-301F-11D3-BF4B-00C04F79EFBC}") = "POS.LicenseServer", "POS.LicenseServer\POS.LicenseServer.csproj", "{72D96ED7-33E2-48F2-BA07-C6C74E776CF9}"
EndProject
Project("{FAE04EC0-301F-11D3-BF4B-00C04F79EFBC}") = "POS.UI", "POS.UI\POS.UI.csproj", "{25C9882E-8C12-44EB-B35E-C48FFBD9613D}"
EndProject
Project("{FAE04EC0-301F-11D3-BF4B-00C04F79EFBC}") = "POS.UI.Tests", "POS.UI.Tests\POS.UI.Tests.csproj", "{5A8122D5-4A5F-409D-9A59-C648EC439D26}"
EndProject
Project("{FAE04EC0-301F-11D3-BF4B-00C04F79EFBC}") = "POS.Shared", "POS.Shared\POS.Shared.csproj", "{A77B980C-BE76-449B-B096-272EE5919B94}"
EndProject
Project("{FAE04EC0-301F-11D3-BF4B-00C04F79EFBC}") = "POS.Hardware", "POS.Hardware\POS.Hardware.csproj", "{7F5B07EC-A69D-424A-B39B-1B0A845FE828}"
EndProject
Global
	GlobalSection(SolutionConfigurationPlatforms) = preSolution
		Debug|Any CPU = Debug|Any CPU
		Debug|x64 = Debug|x64
		Debug|x86 = Debug|x86
		Release|Any CPU = Release|Any CPU
		Release|x64 = Release|x64
		Release|x86 = Release|x86
	EndGlobalSection
	GlobalSection(ProjectConfigurationPlatforms) = postSolution
		{3B0C5073-D62B-469B-A582-8761CADB4430}.Debug|Any CPU.ActiveCfg = Debug|Any CPU
		{3B0C5073-D62B-469B-A582-8761CADB4430}.Debug|Any CPU.Build.0 = Debug|Any CPU
		{3B0C5073-D62B-469B-A582-8761CADB4430}.Debug|x64.ActiveCfg = Debug|Any CPU
		{3B0C5073-D62B-469B-A582-8761CADB4430}.Debug|x64.Build.0 = Debug|Any CPU
		{3B0C5073-D62B-469B-A582-8761CADB4430}.Debug|x86.ActiveCfg = Debug|Any CPU
		{3B0C5073-D62B-469B-A582-8761CADB4430}.Debug|x86.Build.0 = Debug|Any CPU
		{3B0C5073-D62B-469B-A582-8761CADB4430}.Release|Any CPU.ActiveCfg = Release|Any CPU
		{3B0C5073-D62B-469B-A582-8761CADB4430}.Release|Any CPU.Build.0 = Release|Any CPU
		{3B0C5073-D62B-469B-A582-8761CADB4430}.Release|x64.ActiveCfg = Release|Any CPU
		{3B0C5073-D62B-469B-A582-8761CADB4430}.Release|x64.Build.0 = Release|Any CPU
		{3B0C5073-D62B-469B-A582-8761CADB4430}.Release|x86.ActiveCfg = Release|Any CPU
		{3B0C5073-D62B-469B-A582-8761CADB4430}.Release|x86.Build.0 = Release|Any CPU
		{A5111EB6-86DE-4AF6-A3CA-0B9ECD9C6BA3}.Debug|Any CPU.ActiveCfg = Debug|Any CPU
		{A5111EB6-86DE-4AF6-A3CA-0B9ECD9C6BA3}.Debug|Any CPU.Build.0 = Debug|Any CPU
		{A5111EB6-86DE-4AF6-A3CA-0B9ECD9C6BA3}.Debug|x64.ActiveCfg = Debug|Any CPU
		{A5111EB6-86DE-4AF6-A3CA-0B9ECD9C6BA3}.Debug|x64.Build.0 = Debug|Any CPU
		{A5111EB6-86DE-4AF6-A3CA-0B9ECD9C6BA3}.Debug|x86.ActiveCfg = Debug|Any CPU
		{A5111EB6-86DE-4AF6-A3CA-0B9ECD9C6BA3}.Debug|x86.Build.0 = Debug|Any CPU
		{A5111EB6-86DE-4AF6-A3CA-0B9ECD9C6BA3}.Release|Any CPU.ActiveCfg = Release|Any CPU
		{A5111EB6-86DE-4AF6-A3CA-0B9ECD9C6BA3}.Release|Any CPU.Build.0 = Release|Any CPU
		{A5111EB6-86DE-4AF6-A3CA-0B9ECD9C6BA3}.Release|x64.ActiveCfg = Release|Any CPU
		{A5111EB6-86DE-4AF6-A3CA-0B9ECD9C6BA3}.Release|x64.Build.0 = Release|Any CPU
		{A5111EB6-86DE-4AF6-A3CA-0B9ECD9C6BA3}.Release|x86.ActiveCfg = Release|Any CPU
		{A5111EB6-86DE-4AF6-A3CA-0B9ECD9C6BA3}.Release|x86.Build.0 = Release|Any CPU
		{4A8C451E-12D3-488E-81F1-9B3C1C4667F2}.Debug|Any CPU.ActiveCfg = Debug|Any CPU
		{4A8C451E-12D3-488E-81F1-9B3C1C4667F2}.Debug|Any CPU.Build.0 = Debug|Any CPU
		{4A8C451E-12D3-488E-81F1-9B3C1C4667F2}.Debug|x64.ActiveCfg = Debug|Any CPU
		{4A8C451E-12D3-488E-81F1-9B3C1C4667F2}.Debug|x64.Build.0 = Debug|Any CPU
		{4A8C451E-12D3-488E-81F1-9B3C1C4667F2}.Debug|x86.ActiveCfg = Debug|Any CPU
		{4A8C451E-12D3-488E-81F1-9B3C1C4667F2}.Debug|x86.Build.0 = Debug|Any CPU
		{4A8C451E-12D3-488E-81F1-9B3C1C4667F2}.Release|Any CPU.ActiveCfg = Release|Any CPU
		{4A8C451E-12D3-488E-81F1-9B3C1C4667F2}.Release|Any CPU.Build.0 = Release|Any CPU
		{4A8C451E-12D3-488E-81F1-9B3C1C4667F2}.Release|x64.ActiveCfg = Release|Any CPU
		{4A8C451E-12D3-488E-81F1-9B3C1C4667F2}.Release|x64.Build.0 = Release|Any CPU
		{4A8C451E-12D3-488E-81F1-9B3C1C4667F2}.Release|x86.ActiveCfg = Release|Any CPU
		{4A8C451E-12D3-488E-81F1-9B3C1C4667F2}.Release|x86.Build.0 = Release|Any CPU
		{3D0E866D-AE57-417D-8C69-05F30B91905F}.Debug|Any CPU.ActiveCfg = Debug|Any CPU
		{3D0E866D-AE57-417D-8C69-05F30B91905F}.Debug|Any CPU.Build.0 = Debug|Any CPU
		{3D0E866D-AE57-417D-8C69-05F30B91905F}.Debug|x64.ActiveCfg = Debug|Any CPU
		{3D0E866D-AE57-417D-8C69-05F30B91905F}.Debug|x64.Build.0 = Debug|Any CPU
		{3D0E866D-AE57-417D-8C69-05F30B91905F}.Debug|x86.ActiveCfg = Debug|Any CPU
		{3D0E866D-AE57-417D-8C69-05F30B91905F}.Debug|x86.Build.0 = Debug|Any CPU
		{3D0E866D-AE57-417D-8C69-05F30B91905F}.Release|Any CPU.ActiveCfg = Release|Any CPU
		{3D0E866D-AE57-417D-8C69-05F30B91905F}.Release|Any CPU.Build.0 = Release|Any CPU
		{3D0E866D-AE57-417D-8C69-05F30B91905F}.Release|x64.ActiveCfg = Release|Any CPU
		{3D0E866D-AE57-417D-8C69-05F30B91905F}.Release|x64.Build.0 = Release|Any CPU
		{3D0E866D-AE57-417D-8C69-05F30B91905F}.Release|x86.ActiveCfg = Release|Any CPU
		{3D0E866D-AE57-417D-8C69-05F30B91905F}.Release|x86.Build.0 = Release|Any CPU
		{03F9D5BA-9445-48CF-9AD7-C88B81FEFAF8}.Debug|Any CPU.ActiveCfg = Debug|Any CPU
		{03F9D5BA-9445-48CF-9AD7-C88B81FEFAF8}.Debug|Any CPU.Build.0 = Debug|Any CPU
		{03F9D5BA-9445-48CF-9AD7-C88B81FEFAF8}.Debug|x64.ActiveCfg = Debug|Any CPU
		{03F9D5BA-9445-48CF-9AD7-C88B81FEFAF8}.Debug|x64.Build.0 = Debug|Any CPU
		{03F9D5BA-9445-48CF-9AD7-C88B81FEFAF8}.Debug|x86.ActiveCfg = Debug|Any CPU
		{03F9D5BA-9445-48CF-9AD7-C88B81FEFAF8}.Debug|x86.Build.0 = Debug|Any CPU
		{03F9D5BA-9445-48CF-9AD7-C88B81FEFAF8}.Release|Any CPU.ActiveCfg = Release|Any CPU
		{03F9D5BA-9445-48CF-9AD7-C88B81FEFAF8}.Release|Any CPU.Build.0 = Release|Any CPU
		{03F9D5BA-9445-48CF-9AD7-C88B81FEFAF8}.Release|x64.ActiveCfg = Release|Any CPU
		{03F9D5BA-9445-48CF-9AD7-C88B81FEFAF8}.Release|x64.Build.0 = Release|Any CPU
		{03F9D5BA-9445-48CF-9AD7-C88B81FEFAF8}.Release|x86.ActiveCfg = Release|Any CPU
		{03F9D5BA-9445-48CF-9AD7-C88B81FEFAF8}.Release|x86.Build.0 = Release|Any CPU
		{72D96ED7-33E2-48F2-BA07-C6C74E776CF9}.Debug|Any CPU.ActiveCfg = Debug|Any CPU
		{72D96ED7-33E2-48F2-BA07-C6C74E776CF9}.Debug|Any CPU.Build.0 = Debug|Any CPU
		{72D96ED7-33E2-48F2-BA07-C6C74E776CF9}.Debug|x64.ActiveCfg = Debug|Any CPU
		{72D96ED7-33E2-48F2-BA07-C6C74E776CF9}.Debug|x64.Build.0 = Debug|Any CPU
		{72D96ED7-33E2-48F2-BA07-C6C74E776CF9}.Debug|x86.ActiveCfg = Debug|Any CPU
		{72D96ED7-33E2-48F2-BA07-C6C74E776CF9}.Debug|x86.Build.0 = Debug|Any CPU
		{72D96ED7-33E2-48F2-BA07-C6C74E776CF9}.Release|Any CPU.ActiveCfg = Release|Any CPU
		{72D96ED7-33E2-48F2-BA07-C6C74E776CF9}.Release|Any CPU.Build.0 = Release|Any CPU
		{72D96ED7-33E2-48F2-BA07-C6C74E776CF9}.Release|x64.ActiveCfg = Release|Any CPU
		{72D96ED7-33E2-48F2-BA07-C6C74E776CF9}.Release|x64.Build.0 = Release|Any CPU
		{72D96ED7-33E2-48F2-BA07-C6C74E776CF9}.Release|x86.ActiveCfg = Release|Any CPU
		{72D96ED7-33E2-48F2-BA07-C6C74E776CF9}.Release|x86.Build.0 = Release|Any CPU
		{25C9882E-8C12-44EB-B35E-C48FFBD9613D}.Debug|Any CPU.ActiveCfg = Debug|Any CPU
		{25C9882E-8C12-44EB-B35E-C48FFBD9613D}.Debug|Any CPU.Build.0 = Debug|Any CPU
		{25C9882E-8C12-44EB-B35E-C48FFBD9613D}.Debug|x64.ActiveCfg = Debug|Any CPU
		{25C9882E-8C12-44EB-B35E-C48FFBD9613D}.Debug|x64.Build.0 = Debug|Any CPU
		{25C9882E-8C12-44EB-B35E-C48FFBD9613D}.Debug|x86.ActiveCfg = Debug|Any CPU
		{25C9882E-8C12-44EB-B35E-C48FFBD9613D}.Debug|x86.Build.0 = Debug|Any CPU
		{25C9882E-8C12-44EB-B35E-C48FFBD9613D}.Release|Any CPU.ActiveCfg = Release|Any CPU
		{25C9882E-8C12-44EB-B35E-C48FFBD9613D}.Release|Any CPU.Build.0 = Release|Any CPU
		{25C9882E-8C12-44EB-B35E-C48FFBD9613D}.Release|x64.ActiveCfg = Release|Any CPU
		{25C9882E-8C12-44EB-B35E-C48FFBD9613D}.Release|x64.Build.0 = Release|Any CPU
		{25C9882E-8C12-44EB-B35E-C48FFBD9613D}.Release|x86.ActiveCfg = Release|Any CPU
		{25C9882E-8C12-44EB-B35E-C48FFBD9613D}.Release|x86.Build.0 = Release|Any CPU
		{5A8122D5-4A5F-409D-9A59-C648EC439D26}.Debug|Any CPU.ActiveCfg = Debug|Any CPU
		{5A8122D5-4A5F-409D-9A59-C648EC439D26}.Debug|Any CPU.Build.0 = Debug|Any CPU
		{5A8122D5-4A5F-409D-9A59-C648EC439D26}.Debug|x64.ActiveCfg = Debug|Any CPU
		{5A8122D5-4A5F-409D-9A59-C648EC439D26}.Debug|x64.Build.0 = Debug|Any CPU
		{5A8122D5-4A5F-409D-9A59-C648EC439D26}.Debug|x86.ActiveCfg = Debug|Any CPU
		{5A8122D5-4A5F-409D-9A59-C648EC439D26}.Debug|x86.Build.0 = Debug|Any CPU
		{5A8122D5-4A5F-409D-9A59-C648EC439D26}.Release|Any CPU.ActiveCfg = Release|Any CPU
		{5A8122D5-4A5F-409D-9A59-C648EC439D26}.Release|Any CPU.Build.0 = Release|Any CPU
		{5A8122D5-4A5F-409D-9A59-C648EC439D26}.Release|x64.ActiveCfg = Release|Any CPU
		{5A8122D5-4A5F-409D-9A59-C648EC439D26}.Release|x64.Build.0 = Release|Any CPU
		{5A8122D5-4A5F-409D-9A59-C648EC439D26}.Release|x86.ActiveCfg = Release|Any CPU
		{5A8122D5-4A5F-409D-9A59-C648EC439D26}.Release|x86.Build.0 = Release|Any CPU
		{A77B980C-BE76-449B-B096-272EE5919B94}.Debug|Any CPU.ActiveCfg = Debug|Any CPU
		{A77B980C-BE76-449B-B096-272EE5919B94}.Debug|Any CPU.Build.0 = Debug|Any CPU
		{A77B980C-BE76-449B-B096-272EE5919B94}.Debug|x64.ActiveCfg = Debug|Any CPU
		{A77B980C-BE76-449B-B096-272EE5919B94}.Debug|x64.Build.0 = Debug|Any CPU
		{A77B980C-BE76-449B-B096-272EE5919B94}.Debug|x86.ActiveCfg = Debug|Any CPU
		{A77B980C-BE76-449B-B096-272EE5919B94}.Debug|x86.Build.0 = Debug|Any CPU
		{A77B980C-BE76-449B-B096-272EE5919B94}.Release|Any CPU.ActiveCfg = Release|Any CPU
		{A77B980C-BE76-449B-B096-272EE5919B94}.Release|Any CPU.Build.0 = Release|Any CPU
		{A77B980C-BE76-449B-B096-272EE5919B94}.Release|x64.ActiveCfg = Release|Any CPU
		{A77B980C-BE76-449B-B096-272EE5919B94}.Release|x64.Build.0 = Release|Any CPU
		{A77B980C-BE76-449B-B096-272EE5919B94}.Release|x86.ActiveCfg = Release|Any CPU
		{A77B980C-BE76-449B-B096-272EE5919B94}.Release|x86.Build.0 = Release|Any CPU
		{7F5B07EC-A69D-424A-B39B-1B0A845FE828}.Debug|Any CPU.ActiveCfg = Debug|Any CPU
		{7F5B07EC-A69D-424A-B39B-1B0A845FE828}.Debug|Any CPU.Build.0 = Debug|Any CPU
		{7F5B07EC-A69D-424A-B39B-1B0A845FE828}.Debug|x64.ActiveCfg = Debug|Any CPU
		{7F5B07EC-A69D-424A-B39B-1B0A845FE828}.Debug|x64.Build.0 = Debug|Any CPU
		{7F5B07EC-A69D-424A-B39B-1B0A845FE828}.Debug|x86.ActiveCfg = Debug|Any CPU
		{7F5B07EC-A69D-424A-B39B-1B0A845FE828}.Debug|x86.Build.0 = Debug|Any CPU
		{7F5B07EC-A69D-424A-B39B-1B0A845FE828}.Release|Any CPU.ActiveCfg = Release|Any CPU
		{7F5B07EC-A69D-424A-B39B-1B0A845FE828}.Release|Any CPU.Build.0 = Release|Any CPU
		{7F5B07EC-A69D-424A-B39B-1B0A845FE828}.Release|x64.ActiveCfg = Release|Any CPU
		{7F5B07EC-A69D-424A-B39B-1B0A845FE828}.Release|x64.Build.0 = Release|Any CPU
		{7F5B07EC-A69D-424A-B39B-1B0A845FE828}.Release|x86.ActiveCfg = Release|Any CPU
		{7F5B07EC-A69D-424A-B39B-1B0A845FE828}.Release|x86.Build.0 = Release|Any CPU
	EndGlobalSection
	GlobalSection(SolutionProperties) = preSolution
		HideSolutionNode = FALSE
	EndGlobalSection
	GlobalSection(NestedProjects) = preSolution
		{A5111EB6-86DE-4AF6-A3CA-0B9ECD9C6BA3} = {77E39FD3-E26B-4309-6550-6278EE23FD0C}
		{4A8C451E-12D3-488E-81F1-9B3C1C4667F2} = {77E39FD3-E26B-4309-6550-6278EE23FD0C}
		{3D0E866D-AE57-417D-8C69-05F30B91905F} = {77E39FD3-E26B-4309-6550-6278EE23FD0C}
		{03F9D5BA-9445-48CF-9AD7-C88B81FEFAF8} = {77E39FD3-E26B-4309-6550-6278EE23FD0C}
		{72D96ED7-33E2-48F2-BA07-C6C74E776CF9} = {77E39FD3-E26B-4309-6550-6278EE23FD0C}
		{25C9882E-8C12-44EB-B35E-C48FFBD9613D} = {77E39FD3-E26B-4309-6550-6278EE23FD0C}
		{5A8122D5-4A5F-409D-9A59-C648EC439D26} = {77E39FD3-E26B-4309-6550-6278EE23FD0C}
	EndGlobalSection
EndGlobal
